// !$*UTF8*$!
{
	archiveVersion = 1;
	classes = {
	};
	objectVersion = 46;
	objects = {

/* Begin PBXBuildFile section */
		F6B359C31E759C3600CE384A /* AppDelegate.swift in Sources */ = {isa = PBXBuildFile; fileRef = F6B359C21E759C3600CE384A /* AppDelegate.swift */; };
		F6B359C51E759C3600CE384A /* ViewController.swift in Sources */ = {isa = PBXBuildFile; fileRef = F6B359C41E759C3600CE384A /* ViewController.swift */; };
		F6B359C81E759C3700CE384A /* Main.storyboard in Resources */ = {isa = PBXBuildFile; fileRef = F6B359C61E759C3700CE384A /* Main.storyboard */; };
		F6B359CA1E759C3700CE384A /* Assets.xcassets in Resources */ = {isa = PBXBuildFile; fileRef = F6B359C91E759C3700CE384A /* Assets.xcassets */; };
		F6B359CD1E759C3700CE384A /* LaunchScreen.storyboard in Resources */ = {isa = PBXBuildFile; fileRef = F6B359CB1E759C3700CE384A /* LaunchScreen.storyboard */; };
		F6B359DD1E75A73700CE384A /* EditDataViewController.swift in Sources */ = {isa = PBXBuildFile; fileRef = F6B359DC1E75A73700CE384A /* EditDataViewController.swift */; };
		F6B359DF1E75BAFA00CE384A /* RandomName.swift in Sources */ = {isa = PBXBuildFile; fileRef = F6B359DE1E75BAFA00CE384A /* RandomName.swift */; };
/* End PBXBuildFile section */

/* Begin PBXFileReference section */
		F6B359BF1E759C3600CE384A /* SWDelegate.app */ = {isa = PBXFileReference; explicitFileType = wrapper.application; includeInIndex = 0; path = SWDelegate.app; sourceTree = BUILT_PRODUCTS_DIR; };
		F6B359C21E759C3600CE384A /* AppDelegate.swift */ = {isa = PBXFileReference; lastKnownFileType = sourcecode.swift; path = AppDelegate.swift; sourceTree = "<group>"; };
		F6B359C41E759C3600CE384A /* ViewController.swift */ = {isa = PBXFileReference; lastKnownFileType = sourcecode.swift; path = ViewController.swift; sourceTree = "<group>"; };
		F6B359C71E759C3700CE384A /* Base */ = {isa = PBXFileReference; lastKnownFileType = file.storyboard; name = Base; path = Base.lproj/Main.storyboard; sourceTree = "<group>"; };
		F6B359C91E759C3700CE384A /* Assets.xcassets */ = {isa = PBXFileReference; lastKnownFileType = folder.assetcatalog; path = Assets.xcassets; sourceTree = "<group>"; };
		F6B359CC1E759C3700CE384A /* Base */ = {isa = PBXFileReference; lastKnownFileType = file.storyboard; name = Base; path = Base.lproj/LaunchScreen.storyboard; sourceTree = "<group>"; };
		F6B359CE1E759C3700CE384A /* Info.plist */ = {isa = PBXFileReference; lastKnownFileType = text.plist.xml; path = Info.plist; sourceTree = "<group>"; };
		F6B359DC1E75A73700CE384A /* EditDataViewController.swift */ = {isa = PBXFileReference; fileEncoding = 4; lastKnownFileType = sourcecode.swift; path = EditDataViewController.swift; sourceTree = "<group>"; };
		F6B359DE1E75BAFA00CE384A /* RandomName.swift */ = {isa = PBXFileReference; fileEncoding = 4; lastKnownFileType = sourcecode.swift; path = RandomName.swift; sourceTree = "<group>"; };
/* End PBXFileReference section */

/* Begin PBXFrameworksBuildPhase section */
		F6B359BC1E759C3600CE384A /* Frameworks */ = {
			isa = PBXFrameworksBuildPhase;
			buildActionMask = 2147483647;
			files = (
			);
			runOnlyForDeploymentPostprocessing = 0;
		};
/* End PBXFrameworksBuildPhase section */

/* Begin PBXGroup section */
		F6B359B61E759C3600CE384A = {
			isa = PBXGroup;
			children = (
				F6B359C11E759C3600CE384A /* SWDelegate */,
				F6B359C01E759C3600CE384A /* Products */,
			);
			sourceTree = "<group>";
		};
		F6B359C01E759C3600CE384A /* Products */ = {
			isa = PBXGroup;
			children = (
				F6B359BF1E759C3600CE384A /* SWDelegate.app */,
			);
			name = Products;
			sourceTree = "<group>";
		};
		F6B359C11E759C3600CE384A /* SWDelegate */ = {
			isa = PBXGroup;
			children = (
				F6B359C21E759C3600CE384A /* AppDelegate.swift */,
				F6B359C41E759C3600CE384A /* ViewController.swift */,
				F6B359C61E759C3700CE384A /* Main.storyboard */,
				F6B359C91E759C3700CE384A /* Assets.xcassets */,
				F6B359CB1E759C3700CE384A /* LaunchScreen.storyboard */,
				F6B359CE1E759C3700CE384A /* Info.plist */,
				F6B359DC1E75A73700CE384A /* EditDataViewController.swift */,
				F6B359DE1E75BAFA00CE384A /* RandomName.swift */,
			);
			path = SWDelegate;
			sourceTree = "<group>";
		};
/* End PBXGroup section */

/* Begin PBXNativeTarget section */
		F6B359BE1E759C3600CE384A /* SWDelegate */ = {
			isa = PBXNativeTarget;
			buildConfigurationList = F6B359D11E759C3700CE384A /* Build configuration list for PBXNativeTarget "SWDelegate" */;
			buildPhases = (
				F6B359BB1E759C3600CE384A /* Sources */,
				F6B359BC1E759C3600CE384A /* Frameworks */,
				F6B359BD1E759C3600CE384A /* Resources */,
			);
			buildRules = (
			);
			dependencies = (
			);
			name = SWDelegate;
			productName = SWDelegate;
			productReference = F6B359BF1E759C3600CE384A /* SWDelegate.app */;
			productType = "com.apple.product-type.application";
		};
/* End PBXNativeTarget section */

/* Begin PBXProject section */
		F6B359B71E759C3600CE384A /* Project object */ = {
			isa = PBXProject;
			attributes = {
				LastSwiftUpdateCheck = 0730;
				LastUpgradeCheck = 0730;
				ORGANIZATIONNAME = "Don Mag";
				TargetAttributes = {
					F6B359BE1E759C3600CE384A = {
						CreatedOnToolsVersion = 7.3.1;
					};
				};
			};
			buildConfigurationList = F6B359BA1E759C3600CE384A /* Build configuration list for PBXProject "SWDelegate" */;
			compatibilityVersion = "Xcode 3.2";
			developmentRegion = English;
			hasScannedForEncodings = 0;
			knownRegions = (
				en,
				Base,
			);
			mainGroup = F6B359B61E759C3600CE384A;
			productRefGroup = F6B359C01E759C3600CE384A /* Products */;
			projectDirPath = "";
			projectRoot = "";
			targets = (
				F6B359BE1E759C3600CE384A /* SWDelegate */,
			);
		};
/* End PBXProject section */

/* Begin PBXResourcesBuildPhase section */
		F6B359BD1E759C3600CE384A /* Resources */ = {
			isa = PBXResourcesBuildPhase;
			buildActionMask = 2147483647;
			files = (
				F6B359CD1E759C3700CE384A /* LaunchScreen.storyboard in Resources */,
				F6B359CA1E759C3700CE384A /* Assets.xcassets in Resources */,
				F6B359C81E759C3700CE384A /* Main.storyboard in Resources */,
			);
			runOnlyForDeploymentPostprocessing = 0;
		};
/* End PBXResourcesBuildPhase section */

/* Begin PBXSourcesBuildPhase section */
		F6B359BB1E759C3600CE384A /* Sources */ = {
			isa = PBXSourcesBuildPhase;
			buildActionMask = 2147483647;
			files = (
				F6B359DD1E75A73700CE384A /* EditDataViewController.swift in Sources */,
				F6B359C51E759C3600CE384A /* ViewController.swift in Sources */,
				F6B359DF1E75BAFA00CE384A /* RandomName.swift in Sources */,
				F6B359C31E759C3600CE384A /* AppDelegate.swift in Sources */,
			);
			runOnlyForDeploymentPostprocessing = 0;
		};
/* End PBXSourcesBuildPhase section */

/* Begin PBXVariantGroup section */
		F6B359C61E759C3700CE384A /* Main.storyboard */ = {
			isa = PBXVariantGroup;
			children = (
				F6B359C71E759C3700CE384A /* Base */,
			);
			name = Main.storyboard;
			sourceTree = "<group>";
		};
		F6B359CB1E759C3700CE384A /* LaunchScreen.storyboard */ = {
			isa = PBXVariantGroup;
			children = (
				F6B359CC1E759C3700CE384A /* Base */,
			);
			name = LaunchScreen.storyboard;
			sourceTree = "<group>";
		};
/* End PBXVariantGroup section */

/* Begin XCBuildConfiguration section */
		F6B359CF1E759C3700CE384A /* Debug */ = {
			isa = XCBuildConfiguration;
			buildSettings = {
				ALWAYS_SEARCH_USER_PATHS = NO;
				CLANG_ANALYZER_NONNULL = YES;
				CLANG_CXX_LANGUAGE_STANDARD = "gnu++0x";
				CLANG_CXX_LIBRARY = "libc++";
				CLANG_ENABLE_MODULES = YES;
				CLANG_ENABLE_OBJC_ARC = YES;
				CLANG_WARN_BOOL_CONVERSION = YES;
				CLANG_WARN_CONSTANT_CONVERSION = YES;
				CLANG_WARN_DIRECT_OBJC_ISA_USAGE = YES_ERROR;
				CLANG_WARN_EMPTY_BODY = YES;
				CLANG_WARN_ENUM_CONVERSION = YES;
				CLANG_WARN_INT_CONVERSION = YES;
				CLANG_WARN_OBJC_ROOT_CLASS = YES_ERROR;
				CLANG_WARN_UNREACHABLE_CODE = YES;
				CLANG_WARN__DUPLICATE_METHOD_MATCH = YES;
				"CODE_SIGN_IDENTITY[sdk=iphoneos*]" = "iPhone Developer";
				COPY_PHASE_STRIP = NO;
				DEBUG_INFORMATION_FORMAT = dwarf;
				ENABLE_STRICT_OBJC_MSGSEND = YES;
				ENABLE_TESTABILITY = YES;
				GCC_C_LANGUAGE_STANDARD = gnu99;
				GCC_DYNAMIC_NO_PIC = NO;
				GCC_NO_COMMON_BLOCKS = YES;
				GCC_OPTIMIZATION_LEVEL = 0;
				GCC_PREPROCESSOR_DEFINITIONS = (
					"DEBUG=1",
					"$(inherited)",
				);
				GCC_WARN_64_TO_32_BIT_CONVERSION = YES;
				GCC_WARN_ABOUT_RETURN_TYPE = YES_ERROR;
				GCC_WARN_UNDECLARED_SELECTOR = YES;
				GCC_WARN_UNINITIALIZED_AUTOS = YES_AGGRESSIVE;
				GCC_WARN_UNUSED_FUNCTION = YES;
				GCC_WARN_UNUSED_VARIABLE = YES;
				IPHONEOS_DEPLOYMENT_TARGET = 9.3;
				MTL_ENABLE_DEBUG_INFO = YES;
				ONLY_ACTIVE_ARCH = YES;
				SDKROOT = iphoneos;
				SWIFT_OPTIMIZATION_LEVEL = "-Onone";
				TARGETED_DEVICE_FAMILY = "1,2";
			};
			name = Debug;
		};
		F6B359D01E759C3700CE384A /* Release */ = {
			isa = XCBuildConfiguration;
			buildSettings = {
				ALWAYS_SEARCH_USER_PATHS = NO;
				CLANG_ANALYZER_NONNULL = YES;
				CLANG_CXX_LANGUAGE_STANDARD = "gnu++0x";
				CLANG_CXX_LIBRARY = "libc++";
				CLANG_ENABLE_MODULES = YES;
				CLANG_ENABLE_OBJC_ARC = YES;
				CLANG_WARN_BOOL_CONVERSION = YES;
				CLANG_WARN_CONSTANT_CONVERSION = YES;
				CLANG_WARN_DIRECT_OBJC_ISA_USAGE = YES_ERROR;
				CLANG_WARN_EMPTY_BODY = YES;
				CLANG_WARN_ENUM_CONVERSION = YES;
				CLANG_WARN_INT_CONVERSION = YES;
				CLANG_WARN_OBJC_ROOT_CLASS = YES_ERROR;
				CLANG_WARN_UNREACHABLE_CODE = YES;
				CLANG_WARN__DUPLICATE_METHOD_MATCH = YES;
				"CODE_SIGN_IDENTITY[sdk=iphoneos*]" = "iPhone Developer";
				COPY_PHASE_STRIP = NO;
				DEBUG_INFORMATION_FORMAT = "dwarf-with-dsym";
				ENABLE_NS_ASSERTIONS = NO;
				ENABLE_STRICT_OBJC_MSGSEND = YES;
				GCC_C_LANGUAGE_STANDARD = gnu99;
				GCC_NO_COMMON_BLOCKS = YES;
				GCC_WARN_64_TO_32_BIT_CONVERSION = YES;
				GCC_WARN_ABOUT_RETURN_TYPE = YES_ERROR;
				GCC_WARN_UNDECLARED_SELECTOR = YES;
				GCC_WARN_UNINITIALIZED_AUTOS = YES_AGGRESSIVE;
				GCC_WARN_UNUSED_FUNCTION = YES;
				GCC_WARN_UNUSED_VARIABLE = YES;
				IPHONEOS_DEPLOYMENT_TARGET = 9.3;
				MTL_ENABLE_DEBUG_INFO = NO;
				SDKROOT = iphoneos;
				TARGETED_DEVICE_FAMILY = "1,2";
				VALIDATE_PRODUCT = YES;
			};
			name = Release;
		};
		F6B359D21E759C3700CE384A /* Debug */ = {
			isa = XCBuildConfiguration;
			buildSettings = {
				ASSETCATALOG_COMPILER_APPICON_NAME = AppIcon;
				INFOPLIST_FILE = SWDelegate/Info.plist;
				LD_RUNPATH_SEARCH_PATHS = "$(inherited) @executable_path/Frameworks";
				PRODUCT_BUNDLE_IDENTIFIER = com.donmag.SWDelegate;
				PRODUCT_NAME = "$(TARGET_NAME)";
			};
			name = Debug;
		};
		F6B359D31E759C3700CE384A /* Release */ = {
			isa = XCBuildConfiguration;
			buildSettings = {
				ASSETCATALOG_COMPILER_APPICON_NAME = AppIcon;
				INFOPLIST_FILE = SWDelegate/Info.plist;
				LD_RUNPATH_SEARCH_PATHS = "$(inherited) @executable_path/Frameworks";
				PRODUCT_BUNDLE_IDENTIFIER = com.donmag.SWDelegate;
				PRODUCT_NAME = "$(TARGET_NAME)";
			};
			name = Release;
		};
/* End XCBuildConfiguration section */

/* Begin XCConfigurationList section */
		F6B359BA1E759C3600CE384A /* Build configuration list for PBXProject "SWDelegate" */ = {
			isa = XCConfigurationList;
			buildConfigurations = (
				F6B359CF1E759C3700CE384A /* Debug */,
				F6B359D01E759C3700CE384A /* Release */,
			);
			defaultConfigurationIsVisible = 0;
			defaultConfigurationName = Release;
		};
		F6B359D11E759C3700CE384A /* Build configuration list for PBXNativeTarget "SWDelegate" */ = {
			isa = XCConfigurationList;
			buildConfigurations = (
				F6B359D21E759C3700CE384A /* Debug */,
				F6B359D31E759C3700CE384A /* Release */,
			);
			defaultConfigurationIsVisible = 0;
		};
/* End XCConfigurationList section */
	};
	rootObject = F6B359B71E759C3600CE384A /* Project object */;
}
